
Microsoft Visual Studio Solution File, Format Version 12.00
# Visual Studio Version 16
VisualStudioVersion = 16.0.29009.5
MinimumVisualStudioVersion = 10.0.40219.1
Project("{FAE04EC0-301F-11D3-BF4B-00C04F79EFBC}") = "HelloDevOps.Android", "HelloDevOps\HelloDevOps.Android\HelloDevOps.Android.csproj", "{85904F9F-57C9-4187-8ED2-886B8DE66CA2}"
EndProject
Project("{FAE04EC0-301F-11D3-BF4B-00C04F79EFBC}") = "HelloDevOps.iOS", "HelloDevOps\HelloDevOps.iOS\HelloDevOps.iOS.csproj", "{09685A6C-B6CB-4A67-BF1D-65B016E49B9A}"
EndProject
Project("{9A19103F-16F7-4668-BE54-9A1E7A4F7556}") = "HelloDevOps", "HelloDevOps\HelloDevOps\HelloDevOps.csproj", "{48A31BBB-C6BC-4E59-A64B-0E913697F067}"
EndProject
Project("{FAE04EC0-301F-11D3-BF4B-00C04F79EFBC}") = "HelloDevOps.UITest", "HelloDevOps.UITest\HelloDevOps.UITest.csproj", "{9D38C1D6-B0BE-4992-B213-2BD9D14EF3D4}"
EndProject
Global
	GlobalSection(SolutionConfigurationPlatforms) = preSolution
		Debug|Any CPU = Debug|Any CPU
		Debug|iPhone = Debug|iPhone
		Debug|iPhoneSimulator = Debug|iPhoneSimulator
		Release|Any CPU = Release|Any CPU
		Release|iPhone = Release|iPhone
		Release|iPhoneSimulator = Release|iPhoneSimulator
	EndGlobalSection
	GlobalSection(ProjectConfigurationPlatforms) = postSolution
		{85904F9F-57C9-4187-8ED2-886B8DE66CA2}.Debug|Any CPU.ActiveCfg = Debug|Any CPU
		{85904F9F-57C9-4187-8ED2-886B8DE66CA2}.Debug|Any CPU.Build.0 = Debug|Any CPU
		{85904F9F-57C9-4187-8ED2-886B8DE66CA2}.Debug|Any CPU.Deploy.0 = Debug|Any CPU
		{85904F9F-57C9-4187-8ED2-886B8DE66CA2}.Debug|iPhone.ActiveCfg = Debug|Any CPU
		{85904F9F-57C9-4187-8ED2-886B8DE66CA2}.Debug|iPhone.Build.0 = Debug|Any CPU
		{85904F9F-57C9-4187-8ED2-886B8DE66CA2}.Debug|iPhone.Deploy.0 = Debug|Any CPU
		{85904F9F-57C9-4187-8ED2-886B8DE66CA2}.Debug|iPhoneSimulator.ActiveCfg = Debug|Any CPU
		{85904F9F-57C9-4187-8ED2-886B8DE66CA2}.Debug|iPhoneSimulator.Build.0 = Debug|Any CPU
		{85904F9F-57C9-4187-8ED2-886B8DE66CA2}.Debug|iPhoneSimulator.Deploy.0 = Debug|Any CPU
		{85904F9F-57C9-4187-8ED2-886B8DE66CA2}.Release|Any CPU.ActiveCfg = Release|Any CPU
		{85904F9F-57C9-4187-8ED2-886B8DE66CA2}.Release|Any CPU.Build.0 = Release|Any CPU
		{85904F9F-57C9-4187-8ED2-886B8DE66CA2}.Release|Any CPU.Deploy.0 = Release|Any CPU
		{85904F9F-57C9-4187-8ED2-886B8DE66CA2}.Release|iPhone.ActiveCfg = Release|Any CPU
		{85904F9F-57C9-4187-8ED2-886B8DE66CA2}.Release|iPhone.Build.0 = Release|Any CPU
		{85904F9F-57C9-4187-8ED2-886B8DE66CA2}.Release|iPhone.Deploy.0 = Release|Any CPU
		{85904F9F-57C9-4187-8ED2-886B8DE66CA2}.Release|iPhoneSimulator.ActiveCfg = Release|Any CPU
		{85904F9F-57C9-4187-8ED2-886B8DE66CA2}.Release|iPhoneSimulator.Build.0 = Release|Any CPU
		{85904F9F-57C9-4187-8ED2-886B8DE66CA2}.Release|iPhoneSimulator.Deploy.0 = Release|Any CPU
		{09685A6C-B6CB-4A67-BF1D-65B016E49B9A}.Debug|Any CPU.ActiveCfg = Debug|iPhoneSimulator
		{09685A6C-B6CB-4A67-BF1D-65B016E49B9A}.Debug|Any CPU.Build.0 = Debug|iPhoneSimulator
		{09685A6C-B6CB-4A67-BF1D-65B016E49B9A}.Debug|Any CPU.Deploy.0 = Debug|iPhoneSimulator
		{09685A6C-B6CB-4A67-BF1D-65B016E49B9A}.Debug|iPhone.ActiveCfg = Debug|iPhone
		{09685A6C-B6CB-4A67-BF1D-65B016E49B9A}.Debug|iPhone.Build.0 = Debug|iPhone
		{09685A6C-B6CB-4A67-BF1D-65B016E49B9A}.Debug|iPhone.Deploy.0 = Debug|iPhone
		{09685A6C-B6CB-4A67-BF1D-65B016E49B9A}.Debug|iPhoneSimulator.ActiveCfg = Debug|iPhoneSimulator
		{09685A6C-B6CB-4A67-BF1D-65B016E49B9A}.Debug|iPhoneSimulator.Build.0 = Debug|iPhoneSimulator
		{09685A6C-B6CB-4A67-BF1D-65B016E49B9A}.Debug|iPhoneSimulator.Deploy.0 = Debug|iPhoneSimulator
		{09685A6C-B6CB-4A67-BF1D-65B016E49B9A}.Release|Any CPU.ActiveCfg = Release|iPhone
		{09685A6C-B6CB-4A67-BF1D-65B016E49B9A}.Release|Any CPU.Build.0 = Release|iPhone
		{09685A6C-B6CB-4A67-BF1D-65B016E49B9A}.Release|Any CPU.Deploy.0 = Release|iPhone
		{09685A6C-B6CB-4A67-BF1D-65B016E49B9A}.Release|iPhone.ActiveCfg = Release|iPhone
		{09685A6C-B6CB-4A67-BF1D-65B016E49B9A}.Release|iPhone.Build.0 = Release|iPhone
		{09685A6C-B6CB-4A67-BF1D-65B016E49B9A}.Release|iPhone.Deploy.0 = Release|iPhone
		{09685A6C-B6CB-4A67-BF1D-65B016E49B9A}.Release|iPhoneSimulator.ActiveCfg = Release|iPhoneSimulator
		{09685A6C-B6CB-4A67-BF1D-65B016E49B9A}.Release|iPhoneSimulator.Build.0 = Release|iPhoneSimulator
		{09685A6C-B6CB-4A67-BF1D-65B016E49B9A}.Release|iPhoneSimulator.Deploy.0 = Release|iPhoneSimulator
		{48A31BBB-C6BC-4E59-A64B-0E913697F067}.Debug|Any CPU.ActiveCfg = Debug|Any CPU
		{48A31BBB-C6BC-4E59-A64B-0E913697F067}.Debug|Any CPU.Build.0 = Debug|Any CPU
		{48A31BBB-C6BC-4E59-A64B-0E913697F067}.Debug|Any CPU.Deploy.0 = Debug|Any CPU
		{48A31BBB-C6BC-4E59-A64B-0E913697F067}.Debug|iPhone.ActiveCfg = Debug|Any CPU
		{48A31BBB-C6BC-4E59-A64B-0E913697F067}.Debug|iPhone.Build.0 = Debug|Any CPU
		{48A31BBB-C6BC-4E59-A64B-0E913697F067}.Debug|iPhone.Deploy.0 = Debug|Any CPU
		{48A31BBB-C6BC-4E59-A64B-0E913697F067}.Debug|iPhoneSimulator.ActiveCfg = Debug|Any CPU
		{48A31BBB-C6BC-4E59-A64B-0E913697F067}.Debug|iPhoneSimulator.Build.0 = Debug|Any CPU
		{48A31BBB-C6BC-4E59-A64B-0E913697F067}.Debug|iPhoneSimulator.Deploy.0 = Debug|Any CPU
		{48A31BBB-C6BC-4E59-A64B-0E913697F067}.Release|Any CPU.ActiveCfg = Release|Any CPU
		{48A31BBB-C6BC-4E59-A64B-0E913697F067}.Release|Any CPU.Build.0 = Release|Any CPU
		{48A31BBB-C6BC-4E59-A64B-0E913697F067}.Release|Any CPU.Deploy.0 = Release|Any CPU
		{48A31BBB-C6BC-4E59-A64B-0E913697F067}.Release|iPhone.ActiveCfg = Release|Any CPU
		{48A31BBB-C6BC-4E59-A64B-0E913697F067}.Release|iPhone.Build.0 = Release|Any CPU
		{48A31BBB-C6BC-4E59-A64B-0E913697F067}.Release|iPhone.Deploy.0 = Release|Any CPU
		{48A31BBB-C6BC-4E59-A64B-0E913697F067}.Release|iPhoneSimulator.ActiveCfg = Release|Any CPU
		{48A31BBB-C6BC-4E59-A64B-0E913697F067}.Release|iPhoneSimulator.Build.0 = Release|Any CPU
		{48A31BBB-C6BC-4E59-A64B-0E913697F067}.Release|iPhoneSimulator.Deploy.0 = Release|Any CPU
		{9D38C1D6-B0BE-4992-B213-2BD9D14EF3D4}.Debug|Any CPU.ActiveCfg = Debug|Any CPU
		{9D38C1D6-B0BE-4992-B213-2BD9D14EF3D4}.Debug|Any CPU.Build.0 = Debug|Any CPU
		{9D38C1D6-B0BE-4992-B213-2BD9D14EF3D4}.Debug|iPhone.ActiveCfg = Debug|Any CPU
		{9D38C1D6-B0BE-4992-B213-2BD9D14EF3D4}.Debug|iPhone.Build.0 = Debug|Any CPU
		{9D38C1D6-B0BE-4992-B213-2BD9D14EF3D4}.Debug|iPhoneSimulator.ActiveCfg = Debug|Any CPU
		{9D38C1D6-B0BE-4992-B213-2BD9D14EF3D4}.Debug|iPhoneSimulator.Build.0 = Debug|Any CPU
		{9D38C1D6-B0BE-4992-B213-2BD9D14EF3D4}.Release|Any CPU.ActiveCfg = Release|Any CPU
		{9D38C1D6-B0BE-4992-B213-2BD9D14EF3D4}.Release|Any CPU.Build.0 = Release|Any CPU
		{9D38C1D6-B0BE-4992-B213-2BD9D14EF3D4}.Release|iPhone.ActiveCfg = Release|Any CPU
		{9D38C1D6-B0BE-4992-B213-2BD9D14EF3D4}.Release|iPhone.Build.0 = Release|Any CPU
		{9D38C1D6-B0BE-4992-B213-2BD9D14EF3D4}.Release|iPhoneSimulator.ActiveCfg = Release|Any CPU
		{9D38C1D6-B0BE-4992-B213-2BD9D14EF3D4}.Release|iPhoneSimulator.Build.0 = Release|Any CPU
	EndGlobalSection
	GlobalSection(SolutionProperties) = preSolution
		HideSolutionNode = FALSE
	EndGlobalSection
	GlobalSection(ExtensibilityGlobals) = postSolution
		SolutionGuid = {600AE735-1912-4675-93D3-4F66D7FCFEB2}
	EndGlobalSection
EndGlobal
